
Microsoft Visual Studio Solution File, Format Version 12.00
# Visual Studio Version 16
VisualStudioVersion = 16.0.29613.14
MinimumVisualStudioVersion = 10.0.40219.1
Project("{FAE04EC0-301F-11D3-BF4B-00C04F79EFBC}") = "TrgovinaMVC", "TrgovinaMVC\TrgovinaMVC.csproj", "{F421F47F-7A83-4822-9B2C-DA2D50C0214E}"
EndProject
Global
	GlobalSection(SolutionConfigurationPlatforms) = preSolution
		Debug|Any CPU = Debug|Any CPU
		Release|Any CPU = Release|Any CPU
	EndGlobalSection
	GlobalSection(ProjectConfigurationPlatforms) = postSolution
		{F421F47F-7A83-4822-9B2C-DA2D50C0214E}.Debug|Any CPU.ActiveCfg = Debug|Any CPU
		{F421F47F-7A83-4822-9B2C-DA2D50C0214E}.Debug|Any CPU.Build.0 = Debug|Any CPU
		{F421F47F-7A83-4822-9B2C-DA2D50C0214E}.Release|Any CPU.ActiveCfg = Release|Any CPU
		{F421F47F-7A83-4822-9B2C-DA2D50C0214E}.Release|Any CPU.Build.0 = Release|Any CPU
	EndGlobalSection
	GlobalSection(SolutionProperties) = preSolution
		HideSolutionNode = FALSE
	EndGlobalSection
	GlobalSection(ExtensibilityGlobals) = postSolution
		SolutionGuid = {59CACD9F-B099-46B7-B1F5-DBBDE18A75C5}
	EndGlobalSection
EndGlobal
